
Microsoft Visual Studio Solution File, Format Version 12.00
# Visual Studio Version 17
VisualStudioVersion = 17.4.33205.214
MinimumVisualStudioVersion = 10.0.40219.1
Project("{9A19103F-16F7-4668-BE54-9A1E7A4F7556}") = "ConsoleApp1", "ConsoleApp1\ConsoleApp1.csproj", "{6C2B211E-9B39-40BF-BD5C-E91042A904FA}"
EndProject
Project("{9A19103F-16F7-4668-BE54-9A1E7A4F7556}") = "ProbeLibraryJ2PMp2", "ProbeLibrary\ProbeLibraryJ2PMp2.csproj", "{8DA2F493-7530-4897-A2D4-5C1386246A76}"
EndProject
Project("{9A19103F-16F7-4668-BE54-9A1E7A4F7556}") = "ProbeAppJ2PMp2", "ProbeAppJ2PMp2\ProbeAppJ2PMp2.csproj", "{28CC28F4-9031-48F2-9768-3A63BBBB565A}"
EndProject
Project("{9A19103F-16F7-4668-BE54-9A1E7A4F7556}") = "PresentationEF", "PresentationEF\PresentationEF.csproj", "{D833282B-C7C6-40EC-8F21-83E9ACDF016A}"
EndProject
Project("{FAE04EC0-301F-11D3-BF4B-00C04F79EFBC}") = "WebApplication1", "WebApplication1\WebApplication1.csproj", "{1989CAB2-9D5E-42F2-A941-9C9E073858A8}"
EndProject
Project("{FAE04EC0-301F-11D3-BF4B-00C04F79EFBC}") = "DalJ4", "DalJ4\DalJ4.csproj", "{FEF8D967-23F3-4F6C-9A2B-0D592CC6F988}"
EndProject
Project("{FAE04EC0-301F-11D3-BF4B-00C04F79EFBC}") = "SchoolAPI", "SchoolAPI\SchoolAPI.csproj", "{33A2354F-EBC7-4A8C-9905-96A9590C8E95}"
EndProject
Global
	GlobalSection(SolutionConfigurationPlatforms) = preSolution
		Debug|Any CPU = Debug|Any CPU
		Release|Any CPU = Release|Any CPU
	EndGlobalSection
	GlobalSection(ProjectConfigurationPlatforms) = postSolution
		{6C2B211E-9B39-40BF-BD5C-E91042A904FA}.Debug|Any CPU.ActiveCfg = Debug|Any CPU
		{6C2B211E-9B39-40BF-BD5C-E91042A904FA}.Debug|Any CPU.Build.0 = Debug|Any CPU
		{6C2B211E-9B39-40BF-BD5C-E91042A904FA}.Release|Any CPU.ActiveCfg = Release|Any CPU
		{6C2B211E-9B39-40BF-BD5C-E91042A904FA}.Release|Any CPU.Build.0 = Release|Any CPU
		{8DA2F493-7530-4897-A2D4-5C1386246A76}.Debug|Any CPU.ActiveCfg = Debug|Any CPU
		{8DA2F493-7530-4897-A2D4-5C1386246A76}.Debug|Any CPU.Build.0 = Debug|Any CPU
		{8DA2F493-7530-4897-A2D4-5C1386246A76}.Release|Any CPU.ActiveCfg = Release|Any CPU
		{8DA2F493-7530-4897-A2D4-5C1386246A76}.Release|Any CPU.Build.0 = Release|Any CPU
		{28CC28F4-9031-48F2-9768-3A63BBBB565A}.Debug|Any CPU.ActiveCfg = Debug|Any CPU
		{28CC28F4-9031-48F2-9768-3A63BBBB565A}.Debug|Any CPU.Build.0 = Debug|Any CPU
		{28CC28F4-9031-48F2-9768-3A63BBBB565A}.Release|Any CPU.ActiveCfg = Release|Any CPU
		{28CC28F4-9031-48F2-9768-3A63BBBB565A}.Release|Any CPU.Build.0 = Release|Any CPU
		{D833282B-C7C6-40EC-8F21-83E9ACDF016A}.Debug|Any CPU.ActiveCfg = Debug|Any CPU
		{D833282B-C7C6-40EC-8F21-83E9ACDF016A}.Debug|Any CPU.Build.0 = Debug|Any CPU
		{D833282B-C7C6-40EC-8F21-83E9ACDF016A}.Release|Any CPU.ActiveCfg = Release|Any CPU
		{D833282B-C7C6-40EC-8F21-83E9ACDF016A}.Release|Any CPU.Build.0 = Release|Any CPU
		{1989CAB2-9D5E-42F2-A941-9C9E073858A8}.Debug|Any CPU.ActiveCfg = Debug|Any CPU
		{1989CAB2-9D5E-42F2-A941-9C9E073858A8}.Debug|Any CPU.Build.0 = Debug|Any CPU
		{1989CAB2-9D5E-42F2-A941-9C9E073858A8}.Release|Any CPU.ActiveCfg = Release|Any CPU
		{1989CAB2-9D5E-42F2-A941-9C9E073858A8}.Release|Any CPU.Build.0 = Release|Any CPU
		{FEF8D967-23F3-4F6C-9A2B-0D592CC6F988}.Debug|Any CPU.ActiveCfg = Debug|Any CPU
		{FEF8D967-23F3-4F6C-9A2B-0D592CC6F988}.Debug|Any CPU.Build.0 = Debug|Any CPU
		{FEF8D967-23F3-4F6C-9A2B-0D592CC6F988}.Release|Any CPU.ActiveCfg = Release|Any CPU
		{FEF8D967-23F3-4F6C-9A2B-0D592CC6F988}.Release|Any CPU.Build.0 = Release|Any CPU
		{33A2354F-EBC7-4A8C-9905-96A9590C8E95}.Debug|Any CPU.ActiveCfg = Debug|Any CPU
		{33A2354F-EBC7-4A8C-9905-96A9590C8E95}.Debug|Any CPU.Build.0 = Debug|Any CPU
		{33A2354F-EBC7-4A8C-9905-96A9590C8E95}.Release|Any CPU.ActiveCfg = Release|Any CPU
		{33A2354F-EBC7-4A8C-9905-96A9590C8E95}.Release|Any CPU.Build.0 = Release|Any CPU
	EndGlobalSection
	GlobalSection(SolutionProperties) = preSolution
		HideSolutionNode = FALSE
	EndGlobalSection
	GlobalSection(ExtensibilityGlobals) = postSolution
		SolutionGuid = {5346AA74-1D4B-4276-B62D-8E2153723403}
	EndGlobalSection
EndGlobal
